
Microsoft Visual Studio Solution File, Format Version 12.00
# Visual Studio Version 17
VisualStudioVersion = 17.9.34723.18
MinimumVisualStudioVersion = 10.0.40219.1
Project("{FAE04EC0-301F-11D3-BF4B-00C04F79EFBC}") = "VibrantVisuals", "VibrantVisuals\VibrantVisuals.csproj", "{F6260C30-EE91-41B0-AC87-71554ED37354}"
EndProject
Global
	GlobalSection(SolutionConfigurationPlatforms) = preSolution
		Debug|Any CPU = Debug|Any CPU
		Release|Any CPU = Release|Any CPU
	EndGlobalSection
	GlobalSection(ProjectConfigurationPlatforms) = postSolution
		{F6260C30-EE91-41B0-AC87-71554ED37354}.Debug|Any CPU.ActiveCfg = Debug|Any CPU
		{F6260C30-EE91-41B0-AC87-71554ED37354}.Debug|Any CPU.Build.0 = Debug|Any CPU
		{F6260C30-EE91-41B0-AC87-71554ED37354}.Release|Any CPU.ActiveCfg = Release|Any CPU
		{F6260C30-EE91-41B0-AC87-71554ED37354}.Release|Any CPU.Build.0 = Release|Any CPU
	EndGlobalSection
	GlobalSection(SolutionProperties) = preSolution
		HideSolutionNode = FALSE
	EndGlobalSection
	GlobalSection(ExtensibilityGlobals) = postSolution
		SolutionGuid = {FEBB094F-42D3-490D-93E6-6D7CCC032111}
	EndGlobalSection
EndGlobal
